// !$*UTF8*$!
{
	archiveVersion = 1;
	classes = {
	};
	objectVersion = 46;
	objects = {

/* Begin PBXBuildFile section */
		F42368F91C90625500500AE3 /* main.swift in Sources */ = {isa = PBXBuildFile; fileRef = F42368F81C90625500500AE3 /* main.swift */; };
		F42368FE1C90686400500AE3 /* Renderer.swift in Sources */ = {isa = PBXBuildFile; fileRef = F49C6CF41C6FC76000C5F852 /* Renderer.swift */; };
		F42368FF1C90686400500AE3 /* TGALoader.swift in Sources */ = {isa = PBXBuildFile; fileRef = F44A6D961C8F2B5900D12DBD /* TGALoader.swift */; };
		F42369001C90686400500AE3 /* Shaders.swift in Sources */ = {isa = PBXBuildFile; fileRef = F4C1EF821C73DF6000551FAA /* Shaders.swift */; };
		F42369011C90686400500AE3 /* Framebuffer.swift in Sources */ = {isa = PBXBuildFile; fileRef = F4998B831C71188D00FEFFD4 /* Framebuffer.swift */; };
		F42369021C90686400500AE3 /* Texture.swift in Sources */ = {isa = PBXBuildFile; fileRef = F49C6CF61C6FD01E00C5F852 /* Texture.swift */; };
		F42369031C90686400500AE3 /* Mesh.swift in Sources */ = {isa = PBXBuildFile; fileRef = F49C6CF81C6FD02800C5F852 /* Mesh.swift */; };
		F42369041C90686400500AE3 /* Types.swift in Sources */ = {isa = PBXBuildFile; fileRef = F49C6CFA1C6FD0A400C5F852 /* Types.swift */; };
		F42369051C90686400500AE3 /* GeometricTypes.swift in Sources */ = {isa = PBXBuildFile; fileRef = F4998B7F1C7111FD00FEFFD4 /* GeometricTypes.swift */; };
		F42369061C90686400500AE3 /* GeometricOperations.swift in Sources */ = {isa = PBXBuildFile; fileRef = F4998B811C7113EF00FEFFD4 /* GeometricOperations.swift */; };
		F42369081C906A0700500AE3 /* AppDelegate.swift in Sources */ = {isa = PBXBuildFile; fileRef = F42369071C906A0700500AE3 /* AppDelegate.swift */; };
		F423690C1C906A1B00500AE3 /* ViewController.swift in Sources */ = {isa = PBXBuildFile; fileRef = F423690A1C906A1B00500AE3 /* ViewController.swift */; };
		F423690E1C906A2E00500AE3 /* Assets.xcassets in Resources */ = {isa = PBXBuildFile; fileRef = F423690D1C906A2E00500AE3 /* Assets.xcassets */; };
		F42369111C906A3800500AE3 /* Main.storyboard in Resources */ = {isa = PBXBuildFile; fileRef = F423690F1C906A3800500AE3 /* Main.storyboard */; };
		F44A6D971C8F2B5900D12DBD /* TGALoader.swift in Sources */ = {isa = PBXBuildFile; fileRef = F44A6D961C8F2B5900D12DBD /* TGALoader.swift */; };
		F4998B801C7111FD00FEFFD4 /* GeometricTypes.swift in Sources */ = {isa = PBXBuildFile; fileRef = F4998B7F1C7111FD00FEFFD4 /* GeometricTypes.swift */; };
		F4998B821C7113EF00FEFFD4 /* GeometricOperations.swift in Sources */ = {isa = PBXBuildFile; fileRef = F4998B811C7113EF00FEFFD4 /* GeometricOperations.swift */; };
		F4998B841C71188D00FEFFD4 /* Framebuffer.swift in Sources */ = {isa = PBXBuildFile; fileRef = F4998B831C71188D00FEFFD4 /* Framebuffer.swift */; };
		F49C6CF51C6FC76000C5F852 /* Renderer.swift in Sources */ = {isa = PBXBuildFile; fileRef = F49C6CF41C6FC76000C5F852 /* Renderer.swift */; };
		F49C6CF71C6FD01E00C5F852 /* Texture.swift in Sources */ = {isa = PBXBuildFile; fileRef = F49C6CF61C6FD01E00C5F852 /* Texture.swift */; };
		F49C6CF91C6FD02800C5F852 /* Mesh.swift in Sources */ = {isa = PBXBuildFile; fileRef = F49C6CF81C6FD02800C5F852 /* Mesh.swift */; };
		F49C6CFB1C6FD0A400C5F852 /* Types.swift in Sources */ = {isa = PBXBuildFile; fileRef = F49C6CFA1C6FD0A400C5F852 /* Types.swift */; };
		F4C1EF831C73DF6000551FAA /* Shaders.swift in Sources */ = {isa = PBXBuildFile; fileRef = F4C1EF821C73DF6000551FAA /* Shaders.swift */; };
/* End PBXBuildFile section */

/* Begin PBXCopyFilesBuildPhase section */
		F42368F41C90625500500AE3 /* CopyFiles */ = {
			isa = PBXCopyFilesBuildPhase;
			buildActionMask = 2147483647;
			dstPath = /usr/share/man/man1/;
			dstSubfolderSpec = 0;
			files = (
			);
			runOnlyForDeploymentPostprocessing = 1;
		};
/* End PBXCopyFilesBuildPhase section */

/* Begin PBXFileReference section */
		F42368F61C90625500500AE3 /* PtahRendererOffline */ = {isa = PBXFileReference; explicitFileType = "compiled.mach-o.executable"; includeInIndex = 0; path = PtahRendererOffline; sourceTree = BUILT_PRODUCTS_DIR; };
		F42368F81C90625500500AE3 /* main.swift */ = {isa = PBXFileReference; lastKnownFileType = sourcecode.swift; path = main.swift; sourceTree = "<group>"; };
		F42369071C906A0700500AE3 /* AppDelegate.swift */ = {isa = PBXFileReference; fileEncoding = 4; lastKnownFileType = sourcecode.swift; name = AppDelegate.swift; path = PtahRendererOnline/AppDelegate.swift; sourceTree = SOURCE_ROOT; };
		F42369091C906A1B00500AE3 /* Info.plist */ = {isa = PBXFileReference; fileEncoding = 4; lastKnownFileType = text.plist.xml; name = Info.plist; path = PtahRendererOnline/Info.plist; sourceTree = SOURCE_ROOT; };
		F423690A1C906A1B00500AE3 /* ViewController.swift */ = {isa = PBXFileReference; fileEncoding = 4; lastKnownFileType = sourcecode.swift; name = ViewController.swift; path = PtahRendererOnline/ViewController.swift; sourceTree = SOURCE_ROOT; };
		F423690D1C906A2E00500AE3 /* Assets.xcassets */ = {isa = PBXFileReference; lastKnownFileType = folder.assetcatalog; name = Assets.xcassets; path = PtahRendererOnline/Assets.xcassets; sourceTree = SOURCE_ROOT; };
		F42369101C906A3800500AE3 /* Base */ = {isa = PBXFileReference; lastKnownFileType = file.storyboard; name = Base; path = PtahRendererOnline/Base.lproj/Main.storyboard; sourceTree = SOURCE_ROOT; };
		F44A6D961C8F2B5900D12DBD /* TGALoader.swift */ = {isa = PBXFileReference; fileEncoding = 4; lastKnownFileType = sourcecode.swift; path = TGALoader.swift; sourceTree = "<group>"; };
		F4998B7F1C7111FD00FEFFD4 /* GeometricTypes.swift */ = {isa = PBXFileReference; fileEncoding = 4; lastKnownFileType = sourcecode.swift; path = GeometricTypes.swift; sourceTree = "<group>"; };
		F4998B811C7113EF00FEFFD4 /* GeometricOperations.swift */ = {isa = PBXFileReference; fileEncoding = 4; lastKnownFileType = sourcecode.swift; lineEnding = 0; path = GeometricOperations.swift; sourceTree = "<group>"; xcLanguageSpecificationIdentifier = xcode.lang.swift; };
		F4998B831C71188D00FEFFD4 /* Framebuffer.swift */ = {isa = PBXFileReference; fileEncoding = 4; lastKnownFileType = sourcecode.swift; path = Framebuffer.swift; sourceTree = "<group>"; };
		F49C6CE21C6FC6F200C5F852 /* PtahRendererOnline.app */ = {isa = PBXFileReference; explicitFileType = wrapper.application; includeInIndex = 0; path = PtahRendererOnline.app; sourceTree = BUILT_PRODUCTS_DIR; };
		F49C6CF41C6FC76000C5F852 /* Renderer.swift */ = {isa = PBXFileReference; fileEncoding = 4; lastKnownFileType = sourcecode.swift; path = Renderer.swift; sourceTree = "<group>"; };
		F49C6CF61C6FD01E00C5F852 /* Texture.swift */ = {isa = PBXFileReference; fileEncoding = 4; lastKnownFileType = sourcecode.swift; path = Texture.swift; sourceTree = "<group>"; };
		F49C6CF81C6FD02800C5F852 /* Mesh.swift */ = {isa = PBXFileReference; fileEncoding = 4; lastKnownFileType = sourcecode.swift; path = Mesh.swift; sourceTree = "<group>"; };
		F49C6CFA1C6FD0A400C5F852 /* Types.swift */ = {isa = PBXFileReference; fileEncoding = 4; lastKnownFileType = sourcecode.swift; path = Types.swift; sourceTree = "<group>"; };
		F4C1EF821C73DF6000551FAA /* Shaders.swift */ = {isa = PBXFileReference; fileEncoding = 4; lastKnownFileType = sourcecode.swift; path = Shaders.swift; sourceTree = "<group>"; };
/* End PBXFileReference section */

/* Begin PBXFrameworksBuildPhase section */
		F42368F31C90625500500AE3 /* Frameworks */ = {
			isa = PBXFrameworksBuildPhase;
			buildActionMask = 2147483647;
			files = (
			);
			runOnlyForDeploymentPostprocessing = 0;
		};
		F49C6CDF1C6FC6F200C5F852 /* Frameworks */ = {
			isa = PBXFrameworksBuildPhase;
			buildActionMask = 2147483647;
			files = (
			);
			runOnlyForDeploymentPostprocessing = 0;
		};
/* End PBXFrameworksBuildPhase section */

/* Begin PBXGroup section */
		F42368F71C90625500500AE3 /* PtahRendererOffline */ = {
			isa = PBXGroup;
			children = (
				F42368F81C90625500500AE3 /* main.swift */,
			);
			path = PtahRendererOffline;
			sourceTree = "<group>";
		};
		F42368FD1C90626800500AE3 /* PtahRenderer */ = {
			isa = PBXGroup;
			children = (
				F49C6CF41C6FC76000C5F852 /* Renderer.swift */,
				F4C1EF821C73DF6000551FAA /* Shaders.swift */,
				F4998B831C71188D00FEFFD4 /* Framebuffer.swift */,
				F49C6CF81C6FD02800C5F852 /* Mesh.swift */,
				F4EFB2961DEE1DE8007BFF66 /* Textures */,
				F4EFB2971DEE1DF6007BFF66 /* Geometry */,
				F49C6CFA1C6FD0A400C5F852 /* Types.swift */,
			);
			path = PtahRenderer;
			sourceTree = "<group>";
		};
		F49C6CD91C6FC6F100C5F852 = {
			isa = PBXGroup;
			children = (
				F42368FD1C90626800500AE3 /* PtahRenderer */,
				F49C6CE41C6FC6F200C5F852 /* PtahRendererOnline */,
				F42368F71C90625500500AE3 /* PtahRendererOffline */,
				F49C6CE31C6FC6F200C5F852 /* Products */,
			);
			sourceTree = "<group>";
		};
		F49C6CE31C6FC6F200C5F852 /* Products */ = {
			isa = PBXGroup;
			children = (
				F49C6CE21C6FC6F200C5F852 /* PtahRendererOnline.app */,
				F42368F61C90625500500AE3 /* PtahRendererOffline */,
			);
			name = Products;
			sourceTree = "<group>";
		};
		F49C6CE41C6FC6F200C5F852 /* PtahRendererOnline */ = {
			isa = PBXGroup;
			children = (
				F42369071C906A0700500AE3 /* AppDelegate.swift */,
				F42369091C906A1B00500AE3 /* Info.plist */,
				F423690F1C906A3800500AE3 /* Main.storyboard */,
				F423690A1C906A1B00500AE3 /* ViewController.swift */,
				F423690D1C906A2E00500AE3 /* Assets.xcassets */,
			);
			name = PtahRendererOnline;
			path = PtahRenderer;
			sourceTree = "<group>";
		};
		F4EFB2961DEE1DE8007BFF66 /* Textures */ = {
			isa = PBXGroup;
			children = (
				F49C6CF61C6FD01E00C5F852 /* Texture.swift */,
				F44A6D961C8F2B5900D12DBD /* TGALoader.swift */,
			);
			name = Textures;
			sourceTree = "<group>";
		};
		F4EFB2971DEE1DF6007BFF66 /* Geometry */ = {
			isa = PBXGroup;
			children = (
				F4998B7F1C7111FD00FEFFD4 /* GeometricTypes.swift */,
				F4998B811C7113EF00FEFFD4 /* GeometricOperations.swift */,
			);
			name = Geometry;
			sourceTree = "<group>";
		};
/* End PBXGroup section */

/* Begin PBXNativeTarget section */
		F42368F51C90625500500AE3 /* PtahRendererOffline */ = {
			isa = PBXNativeTarget;
			buildConfigurationList = F42368FC1C90625500500AE3 /* Build configuration list for PBXNativeTarget "PtahRendererOffline" */;
			buildPhases = (
				F42368F21C90625500500AE3 /* Sources */,
				F42368F31C90625500500AE3 /* Frameworks */,
				F42368F41C90625500500AE3 /* CopyFiles */,
			);
			buildRules = (
			);
			dependencies = (
			);
			name = PtahRendererOffline;
			productName = PtahRendererOffline;
			productReference = F42368F61C90625500500AE3 /* PtahRendererOffline */;
			productType = "com.apple.product-type.tool";
		};
		F49C6CE11C6FC6F200C5F852 /* PtahRendererOnline */ = {
			isa = PBXNativeTarget;
			buildConfigurationList = F49C6CF11C6FC6F200C5F852 /* Build configuration list for PBXNativeTarget "PtahRendererOnline" */;
			buildPhases = (
				F49C6CDE1C6FC6F200C5F852 /* Sources */,
				F49C6CDF1C6FC6F200C5F852 /* Frameworks */,
				F49C6CE01C6FC6F200C5F852 /* Resources */,
			);
			buildRules = (
			);
			dependencies = (
			);
			name = PtahRendererOnline;
			productName = PtahRenderer;
			productReference = F49C6CE21C6FC6F200C5F852 /* PtahRendererOnline.app */;
			productType = "com.apple.product-type.application";
		};
/* End PBXNativeTarget section */

/* Begin PBXProject section */
		F49C6CDA1C6FC6F100C5F852 /* Project object */ = {
			isa = PBXProject;
			attributes = {
				LastSwiftUpdateCheck = 0720;
				LastUpgradeCheck = 0800;
				ORGANIZATIONNAME = "Simon Rodriguez";
				TargetAttributes = {
					F42368F51C90625500500AE3 = {
						CreatedOnToolsVersion = 7.2.1;
						LastSwiftMigration = 0800;
					};
					F49C6CE11C6FC6F200C5F852 = {
						CreatedOnToolsVersion = 7.2.1;
						LastSwiftMigration = 0800;
					};
				};
			};
			buildConfigurationList = F49C6CDD1C6FC6F100C5F852 /* Build configuration list for PBXProject "PtahRenderer" */;
			compatibilityVersion = "Xcode 3.2";
			developmentRegion = English;
			hasScannedForEncodings = 0;
			knownRegions = (
				en,
				Base,
			);
			mainGroup = F49C6CD91C6FC6F100C5F852;
			productRefGroup = F49C6CE31C6FC6F200C5F852 /* Products */;
			projectDirPath = "";
			projectRoot = "";
			targets = (
				F49C6CE11C6FC6F200C5F852 /* PtahRendererOnline */,
				F42368F51C90625500500AE3 /* PtahRendererOffline */,
			);
		};
/* End PBXProject section */

/* Begin PBXResourcesBuildPhase section */
		F49C6CE01C6FC6F200C5F852 /* Resources */ = {
			isa = PBXResourcesBuildPhase;
			buildActionMask = 2147483647;
			files = (
				F42369111C906A3800500AE3 /* Main.storyboard in Resources */,
				F423690E1C906A2E00500AE3 /* Assets.xcassets in Resources */,
			);
			runOnlyForDeploymentPostprocessing = 0;
		};
/* End PBXResourcesBuildPhase section */

/* Begin PBXSourcesBuildPhase section */
		F42368F21C90625500500AE3 /* Sources */ = {
			isa = PBXSourcesBuildPhase;
			buildActionMask = 2147483647;
			files = (
				F42369031C90686400500AE3 /* Mesh.swift in Sources */,
				F42368FE1C90686400500AE3 /* Renderer.swift in Sources */,
				F42369021C90686400500AE3 /* Texture.swift in Sources */,
				F42369041C90686400500AE3 /* Types.swift in Sources */,
				F42369051C90686400500AE3 /* GeometricTypes.swift in Sources */,
				F42368FF1C90686400500AE3 /* TGALoader.swift in Sources */,
				F42369001C90686400500AE3 /* Shaders.swift in Sources */,
				F42368F91C90625500500AE3 /* main.swift in Sources */,
				F42369011C90686400500AE3 /* Framebuffer.swift in Sources */,
				F42369061C90686400500AE3 /* GeometricOperations.swift in Sources */,
			);
			runOnlyForDeploymentPostprocessing = 0;
		};
		F49C6CDE1C6FC6F200C5F852 /* Sources */ = {
			isa = PBXSourcesBuildPhase;
			buildActionMask = 2147483647;
			files = (
				F42369081C906A0700500AE3 /* AppDelegate.swift in Sources */,
				F49C6CF91C6FD02800C5F852 /* Mesh.swift in Sources */,
				F49C6CF71C6FD01E00C5F852 /* Texture.swift in Sources */,
				F49C6CFB1C6FD0A400C5F852 /* Types.swift in Sources */,
				F423690C1C906A1B00500AE3 /* ViewController.swift in Sources */,
				F4998B841C71188D00FEFFD4 /* Framebuffer.swift in Sources */,
				F4998B801C7111FD00FEFFD4 /* GeometricTypes.swift in Sources */,
				F4C1EF831C73DF6000551FAA /* Shaders.swift in Sources */,
				F49C6CF51C6FC76000C5F852 /* Renderer.swift in Sources */,
				F44A6D971C8F2B5900D12DBD /* TGALoader.swift in Sources */,
				F4998B821C7113EF00FEFFD4 /* GeometricOperations.swift in Sources */,
			);
			runOnlyForDeploymentPostprocessing = 0;
		};
/* End PBXSourcesBuildPhase section */

/* Begin PBXVariantGroup section */
		F423690F1C906A3800500AE3 /* Main.storyboard */ = {
			isa = PBXVariantGroup;
			children = (
				F42369101C906A3800500AE3 /* Base */,
			);
			name = Main.storyboard;
			sourceTree = "<group>";
		};
/* End PBXVariantGroup section */

/* Begin XCBuildConfiguration section */
		F42368FA1C90625500500AE3 /* Debug */ = {
			isa = XCBuildConfiguration;
			buildSettings = {
				GCC_WARN_ABOUT_DEPRECATED_FUNCTIONS = YES;
				PRODUCT_NAME = "$(TARGET_NAME)";
				SWIFT_VERSION = 3.0;
			};
			name = Debug;
		};
		F42368FB1C90625500500AE3 /* Release */ = {
			isa = XCBuildConfiguration;
			buildSettings = {
				GCC_WARN_ABOUT_DEPRECATED_FUNCTIONS = YES;
				PRODUCT_NAME = "$(TARGET_NAME)";
				SWIFT_VERSION = 3.0;
			};
			name = Release;
		};
		F49C6CEF1C6FC6F200C5F852 /* Debug */ = {
			isa = XCBuildConfiguration;
			buildSettings = {
				ALWAYS_SEARCH_USER_PATHS = NO;
				CLANG_CXX_LANGUAGE_STANDARD = "gnu++0x";
				CLANG_CXX_LIBRARY = "libc++";
				CLANG_ENABLE_MODULES = YES;
				CLANG_ENABLE_OBJC_ARC = YES;
				CLANG_WARN_BOOL_CONVERSION = YES;
				CLANG_WARN_CONSTANT_CONVERSION = YES;
				CLANG_WARN_DIRECT_OBJC_ISA_USAGE = YES_ERROR;
				CLANG_WARN_EMPTY_BODY = YES;
				CLANG_WARN_ENUM_CONVERSION = YES;
				CLANG_WARN_INFINITE_RECURSION = YES;
				CLANG_WARN_INT_CONVERSION = YES;
				CLANG_WARN_OBJC_ROOT_CLASS = YES_ERROR;
				CLANG_WARN_SUSPICIOUS_MOVE = YES;
				CLANG_WARN_UNREACHABLE_CODE = YES;
				CLANG_WARN__DUPLICATE_METHOD_MATCH = YES;
				CODE_SIGN_IDENTITY = "-";
				COPY_PHASE_STRIP = NO;
				DEBUG_INFORMATION_FORMAT = dwarf;
				ENABLE_STRICT_OBJC_MSGSEND = YES;
				ENABLE_TESTABILITY = YES;
				GCC_C_LANGUAGE_STANDARD = gnu99;
				GCC_DYNAMIC_NO_PIC = NO;
				GCC_NO_COMMON_BLOCKS = YES;
				GCC_OPTIMIZATION_LEVEL = 0;
				GCC_PREPROCESSOR_DEFINITIONS = (
					"DEBUG=1",
					"$(inherited)",
				);
				GCC_WARN_64_TO_32_BIT_CONVERSION = YES;
				GCC_WARN_ABOUT_RETURN_TYPE = YES_ERROR;
				GCC_WARN_UNDECLARED_SELECTOR = YES;
				GCC_WARN_UNINITIALIZED_AUTOS = YES_AGGRESSIVE;
				GCC_WARN_UNUSED_FUNCTION = YES;
				GCC_WARN_UNUSED_VARIABLE = YES;
				MACOSX_DEPLOYMENT_TARGET = 10.11;
				MTL_ENABLE_DEBUG_INFO = YES;
				ONLY_ACTIVE_ARCH = YES;
				SDKROOT = macosx;
				SWIFT_OPTIMIZATION_LEVEL = "-Onone";
			};
			name = Debug;
		};
		F49C6CF01C6FC6F200C5F852 /* Release */ = {
			isa = XCBuildConfiguration;
			buildSettings = {
				ALWAYS_SEARCH_USER_PATHS = NO;
				CLANG_CXX_LANGUAGE_STANDARD = "gnu++0x";
				CLANG_CXX_LIBRARY = "libc++";
				CLANG_ENABLE_MODULES = YES;
				CLANG_ENABLE_OBJC_ARC = YES;
				CLANG_WARN_BOOL_CONVERSION = YES;
				CLANG_WARN_CONSTANT_CONVERSION = YES;
				CLANG_WARN_DIRECT_OBJC_ISA_USAGE = YES_ERROR;
				CLANG_WARN_EMPTY_BODY = YES;
				CLANG_WARN_ENUM_CONVERSION = YES;
				CLANG_WARN_INFINITE_RECURSION = YES;
				CLANG_WARN_INT_CONVERSION = YES;
				CLANG_WARN_OBJC_ROOT_CLASS = YES_ERROR;
				CLANG_WARN_SUSPICIOUS_MOVE = YES;
				CLANG_WARN_UNREACHABLE_CODE = YES;
				CLANG_WARN__DUPLICATE_METHOD_MATCH = YES;
				CODE_SIGN_IDENTITY = "-";
				COPY_PHASE_STRIP = NO;
				DEBUG_INFORMATION_FORMAT = "dwarf-with-dsym";
				ENABLE_NS_ASSERTIONS = NO;
				ENABLE_STRICT_OBJC_MSGSEND = YES;
				GCC_C_LANGUAGE_STANDARD = gnu99;
				GCC_NO_COMMON_BLOCKS = YES;
				GCC_WARN_64_TO_32_BIT_CONVERSION = YES;
				GCC_WARN_ABOUT_RETURN_TYPE = YES_ERROR;
				GCC_WARN_UNDECLARED_SELECTOR = YES;
				GCC_WARN_UNINITIALIZED_AUTOS = YES_AGGRESSIVE;
				GCC_WARN_UNUSED_FUNCTION = YES;
				GCC_WARN_UNUSED_VARIABLE = YES;
				MACOSX_DEPLOYMENT_TARGET = 10.11;
				MTL_ENABLE_DEBUG_INFO = NO;
				SDKROOT = macosx;
				SWIFT_OPTIMIZATION_LEVEL = "-Owholemodule";
			};
			name = Release;
		};
		F49C6CF21C6FC6F200C5F852 /* Debug */ = {
			isa = XCBuildConfiguration;
			buildSettings = {
				ASSETCATALOG_COMPILER_APPICON_NAME = AppIcon;
				COMBINE_HIDPI_IMAGES = YES;
				INFOPLIST_FILE = PtahRendererOnline/Info.plist;
				LD_RUNPATH_SEARCH_PATHS = "$(inherited) @executable_path/../Frameworks";
				PRODUCT_BUNDLE_IDENTIFIER = com.simonrodriguez.PtahRenderer;
				PRODUCT_NAME = "$(TARGET_NAME)";
				SWIFT_OPTIMIZATION_LEVEL = "-Owholemodule";
				SWIFT_VERSION = 3.0;
			};
			name = Debug;
		};
		F49C6CF31C6FC6F200C5F852 /* Release */ = {
			isa = XCBuildConfiguration;
			buildSettings = {
				ASSETCATALOG_COMPILER_APPICON_NAME = AppIcon;
				COMBINE_HIDPI_IMAGES = YES;
				INFOPLIST_FILE = PtahRendererOnline/Info.plist;
				LD_RUNPATH_SEARCH_PATHS = "$(inherited) @executable_path/../Frameworks";
				PRODUCT_BUNDLE_IDENTIFIER = com.simonrodriguez.PtahRenderer;
				PRODUCT_NAME = "$(TARGET_NAME)";
				SWIFT_VERSION = 3.0;
			};
			name = Release;
		};
/* End XCBuildConfiguration section */

/* Begin XCConfigurationList section */
		F42368FC1C90625500500AE3 /* Build configuration list for PBXNativeTarget "PtahRendererOffline" */ = {
			isa = XCConfigurationList;
			buildConfigurations = (
				F42368FA1C90625500500AE3 /* Debug */,
				F42368FB1C90625500500AE3 /* Release */,
			);
			defaultConfigurationIsVisible = 0;
			defaultConfigurationName = Release;
		};
		F49C6CDD1C6FC6F100C5F852 /* Build configuration list for PBXProject "PtahRenderer" */ = {
			isa = XCConfigurationList;
			buildConfigurations = (
				F49C6CEF1C6FC6F200C5F852 /* Debug */,
				F49C6CF01C6FC6F200C5F852 /* Release */,
			);
			defaultConfigurationIsVisible = 0;
			defaultConfigurationName = Release;
		};
		F49C6CF11C6FC6F200C5F852 /* Build configuration list for PBXNativeTarget "PtahRendererOnline" */ = {
			isa = XCConfigurationList;
			buildConfigurations = (
				F49C6CF21C6FC6F200C5F852 /* Debug */,
				F49C6CF31C6FC6F200C5F852 /* Release */,
			);
			defaultConfigurationIsVisible = 0;
			defaultConfigurationName = Release;
		};
/* End XCConfigurationList section */
	};
	rootObject = F49C6CDA1C6FC6F100C5F852 /* Project object */;
}
