// !$*UTF8*$!
{
	archiveVersion = 1;
	classes = {
	};
	objectVersion = 46;
	objects = {

/* Begin PBXBuildFile section */
		F4EFAC271E46960700126BAE /* AppDelegate.swift in Sources */ = {isa = PBXBuildFile; fileRef = F4EFAC261E46960700126BAE /* AppDelegate.swift */; };
		F4EFAC291E46960700126BAE /* ViewController.swift in Sources */ = {isa = PBXBuildFile; fileRef = F4EFAC281E46960700126BAE /* ViewController.swift */; };
		F4EFAC2B1E46960700126BAE /* Assets.xcassets in Resources */ = {isa = PBXBuildFile; fileRef = F4EFAC2A1E46960700126BAE /* Assets.xcassets */; };
		F4EFAC2E1E46960700126BAE /* Main.storyboard in Resources */ = {isa = PBXBuildFile; fileRef = F4EFAC2C1E46960700126BAE /* Main.storyboard */; };
		F4EFAC331E4696AC00126BAE /* PtahRenderer.framework in Frameworks */ = {isa = PBXBuildFile; fileRef = OBJ_34 /* PtahRenderer.framework */; };
		F4EFAC341E4696AC00126BAE /* PtahRendererDemo.framework in Frameworks */ = {isa = PBXBuildFile; fileRef = OBJ_35 /* PtahRendererDemo.framework */; };
		OBJ_42 /* Framebuffer.swift in Sources */ = {isa = PBXBuildFile; fileRef = OBJ_9 /* Framebuffer.swift */; };
		OBJ_43 /* Geometry.swift in Sources */ = {isa = PBXBuildFile; fileRef = OBJ_10 /* Geometry.swift */; };
		OBJ_44 /* InternalRenderer.swift in Sources */ = {isa = PBXBuildFile; fileRef = OBJ_11 /* InternalRenderer.swift */; };
		OBJ_45 /* Matrix.swift in Sources */ = {isa = PBXBuildFile; fileRef = OBJ_12 /* Matrix.swift */; };
		OBJ_46 /* Mesh.swift in Sources */ = {isa = PBXBuildFile; fileRef = OBJ_13 /* Mesh.swift */; };
		OBJ_47 /* Pixel.swift in Sources */ = {isa = PBXBuildFile; fileRef = OBJ_14 /* Pixel.swift */; };
		OBJ_48 /* Point.swift in Sources */ = {isa = PBXBuildFile; fileRef = OBJ_15 /* Point.swift */; };
		OBJ_49 /* Program.swift in Sources */ = {isa = PBXBuildFile; fileRef = OBJ_16 /* Program.swift */; };
		OBJ_50 /* Texture.swift in Sources */ = {isa = PBXBuildFile; fileRef = OBJ_17 /* Texture.swift */; };
		OBJ_51 /* TGALoader.swift in Sources */ = {isa = PBXBuildFile; fileRef = OBJ_18 /* TGALoader.swift */; };
		OBJ_58 /* Object.swift in Sources */ = {isa = PBXBuildFile; fileRef = OBJ_20 /* Object.swift */; };
		OBJ_59 /* Renderer.swift in Sources */ = {isa = PBXBuildFile; fileRef = OBJ_21 /* Renderer.swift */; };
		OBJ_60 /* Shaders.swift in Sources */ = {isa = PBXBuildFile; fileRef = OBJ_22 /* Shaders.swift */; };
		OBJ_62 /* PtahRenderer.framework in Frameworks */ = {isa = PBXBuildFile; fileRef = OBJ_34 /* PtahRenderer.framework */; };
		OBJ_69 /* main.swift in Sources */ = {isa = PBXBuildFile; fileRef = OBJ_24 /* main.swift */; };
		OBJ_71 /* PtahRenderer.framework in Frameworks */ = {isa = PBXBuildFile; fileRef = OBJ_34 /* PtahRenderer.framework */; };
		OBJ_72 /* PtahRendererDemo.framework in Frameworks */ = {isa = PBXBuildFile; fileRef = OBJ_35 /* PtahRendererDemo.framework */; };
/* End PBXBuildFile section */

/* Begin PBXContainerItemProxy section */
		F4EFAC351E4696B800126BAE /* PBXContainerItemProxy */ = {
			isa = PBXContainerItemProxy;
			containerPortal = OBJ_1 /* Project object */;
			proxyType = 1;
			remoteGlobalIDString = OBJ_37;
			remoteInfo = PtahRenderer;
		};
		F4EFAC371E4696B800126BAE /* PBXContainerItemProxy */ = {
			isa = PBXContainerItemProxy;
			containerPortal = OBJ_1 /* Project object */;
			proxyType = 1;
			remoteGlobalIDString = OBJ_53;
			remoteInfo = PtahRendererDemo;
		};
		F4F0D7B51E4691100089807D /* PBXContainerItemProxy */ = {
			isa = PBXContainerItemProxy;
			containerPortal = OBJ_1 /* Project object */;
			proxyType = 1;
			remoteGlobalIDString = OBJ_37;
			remoteInfo = PtahRenderer;
		};
		F4F0D7B61E4691100089807D /* PBXContainerItemProxy */ = {
			isa = PBXContainerItemProxy;
			containerPortal = OBJ_1 /* Project object */;
			proxyType = 1;
			remoteGlobalIDString = OBJ_37;
			remoteInfo = PtahRenderer;
		};
		F4F0D7B71E4691100089807D /* PBXContainerItemProxy */ = {
			isa = PBXContainerItemProxy;
			containerPortal = OBJ_1 /* Project object */;
			proxyType = 1;
			remoteGlobalIDString = OBJ_53;
			remoteInfo = PtahRendererDemo;
		};
/* End PBXContainerItemProxy section */

/* Begin PBXFileReference section */
		F4EFAC241E46960700126BAE /* PtahRendererDemoOnline.app */ = {isa = PBXFileReference; explicitFileType = wrapper.application; includeInIndex = 0; path = PtahRendererDemoOnline.app; sourceTree = BUILT_PRODUCTS_DIR; };
		F4EFAC261E46960700126BAE /* AppDelegate.swift */ = {isa = PBXFileReference; lastKnownFileType = sourcecode.swift; path = AppDelegate.swift; sourceTree = "<group>"; };
		F4EFAC281E46960700126BAE /* ViewController.swift */ = {isa = PBXFileReference; lastKnownFileType = sourcecode.swift; path = ViewController.swift; sourceTree = "<group>"; };
		F4EFAC2A1E46960700126BAE /* Assets.xcassets */ = {isa = PBXFileReference; lastKnownFileType = folder.assetcatalog; path = Assets.xcassets; sourceTree = "<group>"; };
		F4EFAC2D1E46960700126BAE /* Base */ = {isa = PBXFileReference; lastKnownFileType = file.storyboard; name = Base; path = Base.lproj/Main.storyboard; sourceTree = "<group>"; };
		F4EFAC2F1E46960700126BAE /* Info.plist */ = {isa = PBXFileReference; lastKnownFileType = text.plist.xml; path = Info.plist; sourceTree = "<group>"; };
		OBJ_10 /* Geometry.swift */ = {isa = PBXFileReference; lastKnownFileType = sourcecode.swift; path = Geometry.swift; sourceTree = "<group>"; };
		OBJ_11 /* InternalRenderer.swift */ = {isa = PBXFileReference; lastKnownFileType = sourcecode.swift; path = InternalRenderer.swift; sourceTree = "<group>"; };
		OBJ_12 /* Matrix.swift */ = {isa = PBXFileReference; lastKnownFileType = sourcecode.swift; path = Matrix.swift; sourceTree = "<group>"; };
		OBJ_13 /* Mesh.swift */ = {isa = PBXFileReference; lastKnownFileType = sourcecode.swift; path = Mesh.swift; sourceTree = "<group>"; };
		OBJ_14 /* Pixel.swift */ = {isa = PBXFileReference; lastKnownFileType = sourcecode.swift; path = Pixel.swift; sourceTree = "<group>"; };
		OBJ_15 /* Point.swift */ = {isa = PBXFileReference; lastKnownFileType = sourcecode.swift; path = Point.swift; sourceTree = "<group>"; };
		OBJ_16 /* Program.swift */ = {isa = PBXFileReference; lastKnownFileType = sourcecode.swift; path = Program.swift; sourceTree = "<group>"; };
		OBJ_17 /* Texture.swift */ = {isa = PBXFileReference; lastKnownFileType = sourcecode.swift; path = Texture.swift; sourceTree = "<group>"; };
		OBJ_18 /* TGALoader.swift */ = {isa = PBXFileReference; lastKnownFileType = sourcecode.swift; path = TGALoader.swift; sourceTree = "<group>"; };
		OBJ_20 /* Object.swift */ = {isa = PBXFileReference; lastKnownFileType = sourcecode.swift; path = Object.swift; sourceTree = "<group>"; };
		OBJ_21 /* Renderer.swift */ = {isa = PBXFileReference; lastKnownFileType = sourcecode.swift; path = Renderer.swift; sourceTree = "<group>"; };
		OBJ_22 /* Shaders.swift */ = {isa = PBXFileReference; lastKnownFileType = sourcecode.swift; path = Shaders.swift; sourceTree = "<group>"; };
		OBJ_24 /* main.swift */ = {isa = PBXFileReference; lastKnownFileType = sourcecode.swift; path = main.swift; sourceTree = "<group>"; };
		OBJ_34 /* PtahRenderer.framework */ = {isa = PBXFileReference; explicitFileType = wrapper.framework; path = PtahRenderer.framework; sourceTree = BUILT_PRODUCTS_DIR; };
		OBJ_35 /* PtahRendererDemo.framework */ = {isa = PBXFileReference; explicitFileType = wrapper.framework; path = PtahRendererDemo.framework; sourceTree = BUILT_PRODUCTS_DIR; };
		OBJ_36 /* PtahRendererDemoOffline */ = {isa = PBXFileReference; explicitFileType = "compiled.mach-o.executable"; path = PtahRendererDemoOffline; sourceTree = BUILT_PRODUCTS_DIR; };
		OBJ_6 /* Package.swift */ = {isa = PBXFileReference; explicitFileType = sourcecode.swift; path = Package.swift; sourceTree = "<group>"; };
		OBJ_9 /* Framebuffer.swift */ = {isa = PBXFileReference; lastKnownFileType = sourcecode.swift; path = Framebuffer.swift; sourceTree = "<group>"; };
/* End PBXFileReference section */

/* Begin PBXFrameworksBuildPhase section */
		F4EFAC211E46960700126BAE /* Frameworks */ = {
			isa = PBXFrameworksBuildPhase;
			buildActionMask = 2147483647;
			files = (
				F4EFAC331E4696AC00126BAE /* PtahRenderer.framework in Frameworks */,
				F4EFAC341E4696AC00126BAE /* PtahRendererDemo.framework in Frameworks */,
			);
			runOnlyForDeploymentPostprocessing = 0;
		};
		OBJ_52 /* Frameworks */ = {
			isa = PBXFrameworksBuildPhase;
			buildActionMask = 0;
			files = (
			);
			runOnlyForDeploymentPostprocessing = 0;
		};
		OBJ_61 /* Frameworks */ = {
			isa = PBXFrameworksBuildPhase;
			buildActionMask = 0;
			files = (
				OBJ_62 /* PtahRenderer.framework in Frameworks */,
			);
			runOnlyForDeploymentPostprocessing = 0;
		};
		OBJ_70 /* Frameworks */ = {
			isa = PBXFrameworksBuildPhase;
			buildActionMask = 0;
			files = (
				OBJ_71 /* PtahRenderer.framework in Frameworks */,
				OBJ_72 /* PtahRendererDemo.framework in Frameworks */,
			);
			runOnlyForDeploymentPostprocessing = 0;
		};
/* End PBXFrameworksBuildPhase section */

/* Begin PBXGroup section */
		F4EFAC251E46960700126BAE /* PtahRendererDemoOnline */ = {
			isa = PBXGroup;
			children = (
				F4EFAC261E46960700126BAE /* AppDelegate.swift */,
				F4EFAC281E46960700126BAE /* ViewController.swift */,
				F4EFAC2A1E46960700126BAE /* Assets.xcassets */,
				F4EFAC2C1E46960700126BAE /* Main.storyboard */,
				F4EFAC2F1E46960700126BAE /* Info.plist */,
			);
			path = PtahRendererDemoOnline;
			sourceTree = "<group>";
		};
		OBJ_19 /* PtahRendererDemo */ = {
			isa = PBXGroup;
			children = (
				OBJ_20 /* Object.swift */,
				OBJ_21 /* Renderer.swift */,
				OBJ_22 /* Shaders.swift */,
			);
			path = PtahRendererDemo;
			sourceTree = SOURCE_ROOT;
		};
		OBJ_23 /* PtahRendererDemoOffline */ = {
			isa = PBXGroup;
			children = (
				OBJ_24 /* main.swift */,
			);
			path = PtahRendererDemoOffline;
			sourceTree = SOURCE_ROOT;
		};
		OBJ_33 /* Products */ = {
			isa = PBXGroup;
			children = (
				OBJ_34 /* PtahRenderer.framework */,
				OBJ_35 /* PtahRendererDemo.framework */,
				OBJ_36 /* PtahRendererDemoOffline */,
				F4EFAC241E46960700126BAE /* PtahRendererDemoOnline.app */,
			);
			name = Products;
			sourceTree = BUILT_PRODUCTS_DIR;
		};
		OBJ_5 = {
			isa = PBXGroup;
			children = (
				OBJ_6 /* Package.swift */,
				OBJ_8 /* PtahRenderer */,
				OBJ_19 /* PtahRendererDemo */,
				F4EFAC251E46960700126BAE /* PtahRendererDemoOnline */,
				OBJ_23 /* PtahRendererDemoOffline */,
				OBJ_33 /* Products */,
			);
			sourceTree = "<group>";
		};
		OBJ_8 /* PtahRenderer */ = {
			isa = PBXGroup;
			children = (
				OBJ_9 /* Framebuffer.swift */,
				OBJ_10 /* Geometry.swift */,
				OBJ_11 /* InternalRenderer.swift */,
				OBJ_12 /* Matrix.swift */,
				OBJ_13 /* Mesh.swift */,
				OBJ_14 /* Pixel.swift */,
				OBJ_15 /* Point.swift */,
				OBJ_16 /* Program.swift */,
				OBJ_17 /* Texture.swift */,
				OBJ_18 /* TGALoader.swift */,
			);
			path = PtahRenderer;
			sourceTree = SOURCE_ROOT;
		};
/* End PBXGroup section */

/* Begin PBXNativeTarget section */
		F4EFAC231E46960700126BAE /* PtahRendererDemoOnline */ = {
			isa = PBXNativeTarget;
			buildConfigurationList = F4EFAC321E46960700126BAE /* Build configuration list for PBXNativeTarget "PtahRendererDemoOnline" */;
			buildPhases = (
				F4EFAC201E46960700126BAE /* Sources */,
				F4EFAC211E46960700126BAE /* Frameworks */,
				F4EFAC221E46960700126BAE /* Resources */,
			);
			buildRules = (
			);
			dependencies = (
				F4EFAC361E4696B800126BAE /* PBXTargetDependency */,
				F4EFAC381E4696B800126BAE /* PBXTargetDependency */,
			);
			name = PtahRendererDemoOnline;
			productName = PtahRendererDemoOnline;
			productReference = F4EFAC241E46960700126BAE /* PtahRendererDemoOnline.app */;
			productType = "com.apple.product-type.application";
		};
		OBJ_37 /* PtahRenderer */ = {
			isa = PBXNativeTarget;
			buildConfigurationList = OBJ_38 /* Build configuration list for PBXNativeTarget "PtahRenderer" */;
			buildPhases = (
				OBJ_41 /* Sources */,
				OBJ_52 /* Frameworks */,
			);
			buildRules = (
			);
			dependencies = (
			);
			name = PtahRenderer;
			productName = PtahRenderer;
			productReference = OBJ_34 /* PtahRenderer.framework */;
			productType = "com.apple.product-type.framework";
		};
		OBJ_53 /* PtahRendererDemo */ = {
			isa = PBXNativeTarget;
			buildConfigurationList = OBJ_54 /* Build configuration list for PBXNativeTarget "PtahRendererDemo" */;
			buildPhases = (
				OBJ_57 /* Sources */,
				OBJ_61 /* Frameworks */,
			);
			buildRules = (
			);
			dependencies = (
				OBJ_63 /* PBXTargetDependency */,
			);
			name = PtahRendererDemo;
			productName = PtahRendererDemo;
			productReference = OBJ_35 /* PtahRendererDemo.framework */;
			productType = "com.apple.product-type.framework";
		};
		OBJ_64 /* PtahRendererDemoOffline */ = {
			isa = PBXNativeTarget;
			buildConfigurationList = OBJ_65 /* Build configuration list for PBXNativeTarget "PtahRendererDemoOffline" */;
			buildPhases = (
				OBJ_68 /* Sources */,
				OBJ_70 /* Frameworks */,
			);
			buildRules = (
			);
			dependencies = (
				OBJ_73 /* PBXTargetDependency */,
				OBJ_74 /* PBXTargetDependency */,
			);
			name = PtahRendererDemoOffline;
			productName = PtahRendererDemoOffline;
			productReference = OBJ_36 /* PtahRendererDemoOffline */;
			productType = "com.apple.product-type.tool";
		};
/* End PBXNativeTarget section */

/* Begin PBXProject section */
		OBJ_1 /* Project object */ = {
			isa = PBXProject;
			attributes = {
				LastSwiftUpdateCheck = 0820;
				LastUpgradeCheck = 0830;
				TargetAttributes = {
					F4EFAC231E46960700126BAE = {
						CreatedOnToolsVersion = 8.2.1;
						DevelopmentTeam = MM696H2U5V;
						ProvisioningStyle = Automatic;
					};
				};
			};
			buildConfigurationList = OBJ_2 /* Build configuration list for PBXProject "PtahRenderer" */;
			compatibilityVersion = "Xcode 3.2";
			developmentRegion = English;
			hasScannedForEncodings = 0;
			knownRegions = (
				en,
				Base,
			);
			mainGroup = OBJ_5;
			productRefGroup = OBJ_33 /* Products */;
			projectDirPath = "";
			projectRoot = "";
			targets = (
				OBJ_37 /* PtahRenderer */,
				OBJ_53 /* PtahRendererDemo */,
				OBJ_64 /* PtahRendererDemoOffline */,
				F4EFAC231E46960700126BAE /* PtahRendererDemoOnline */,
			);
		};
/* End PBXProject section */

/* Begin PBXResourcesBuildPhase section */
		F4EFAC221E46960700126BAE /* Resources */ = {
			isa = PBXResourcesBuildPhase;
			buildActionMask = 2147483647;
			files = (
				F4EFAC2B1E46960700126BAE /* Assets.xcassets in Resources */,
				F4EFAC2E1E46960700126BAE /* Main.storyboard in Resources */,
			);
			runOnlyForDeploymentPostprocessing = 0;
		};
/* End PBXResourcesBuildPhase section */

/* Begin PBXSourcesBuildPhase section */
		F4EFAC201E46960700126BAE /* Sources */ = {
			isa = PBXSourcesBuildPhase;
			buildActionMask = 2147483647;
			files = (
				F4EFAC291E46960700126BAE /* ViewController.swift in Sources */,
				F4EFAC271E46960700126BAE /* AppDelegate.swift in Sources */,
			);
			runOnlyForDeploymentPostprocessing = 0;
		};
		OBJ_41 /* Sources */ = {
			isa = PBXSourcesBuildPhase;
			buildActionMask = 0;
			files = (
				OBJ_42 /* Framebuffer.swift in Sources */,
				OBJ_43 /* Geometry.swift in Sources */,
				OBJ_44 /* InternalRenderer.swift in Sources */,
				OBJ_45 /* Matrix.swift in Sources */,
				OBJ_46 /* Mesh.swift in Sources */,
				OBJ_47 /* Pixel.swift in Sources */,
				OBJ_48 /* Point.swift in Sources */,
				OBJ_49 /* Program.swift in Sources */,
				OBJ_50 /* Texture.swift in Sources */,
				OBJ_51 /* TGALoader.swift in Sources */,
			);
			runOnlyForDeploymentPostprocessing = 0;
		};
		OBJ_57 /* Sources */ = {
			isa = PBXSourcesBuildPhase;
			buildActionMask = 0;
			files = (
				OBJ_58 /* Object.swift in Sources */,
				OBJ_59 /* Renderer.swift in Sources */,
				OBJ_60 /* Shaders.swift in Sources */,
			);
			runOnlyForDeploymentPostprocessing = 0;
		};
		OBJ_68 /* Sources */ = {
			isa = PBXSourcesBuildPhase;
			buildActionMask = 0;
			files = (
				OBJ_69 /* main.swift in Sources */,
			);
			runOnlyForDeploymentPostprocessing = 0;
		};
/* End PBXSourcesBuildPhase section */

/* Begin PBXTargetDependency section */
		F4EFAC361E4696B800126BAE /* PBXTargetDependency */ = {
			isa = PBXTargetDependency;
			target = OBJ_37 /* PtahRenderer */;
			targetProxy = F4EFAC351E4696B800126BAE /* PBXContainerItemProxy */;
		};
		F4EFAC381E4696B800126BAE /* PBXTargetDependency */ = {
			isa = PBXTargetDependency;
			target = OBJ_53 /* PtahRendererDemo */;
			targetProxy = F4EFAC371E4696B800126BAE /* PBXContainerItemProxy */;
		};
		OBJ_63 /* PBXTargetDependency */ = {
			isa = PBXTargetDependency;
			target = OBJ_37 /* PtahRenderer */;
			targetProxy = F4F0D7B51E4691100089807D /* PBXContainerItemProxy */;
		};
		OBJ_73 /* PBXTargetDependency */ = {
			isa = PBXTargetDependency;
			target = OBJ_37 /* PtahRenderer */;
			targetProxy = F4F0D7B61E4691100089807D /* PBXContainerItemProxy */;
		};
		OBJ_74 /* PBXTargetDependency */ = {
			isa = PBXTargetDependency;
			target = OBJ_53 /* PtahRendererDemo */;
			targetProxy = F4F0D7B71E4691100089807D /* PBXContainerItemProxy */;
		};
/* End PBXTargetDependency section */

/* Begin PBXVariantGroup section */
		F4EFAC2C1E46960700126BAE /* Main.storyboard */ = {
			isa = PBXVariantGroup;
			children = (
				F4EFAC2D1E46960700126BAE /* Base */,
			);
			name = Main.storyboard;
			sourceTree = "<group>";
		};
/* End PBXVariantGroup section */

/* Begin XCBuildConfiguration section */
		F4EFAC301E46960700126BAE /* Debug */ = {
			isa = XCBuildConfiguration;
			buildSettings = {
				ALWAYS_SEARCH_USER_PATHS = NO;
				ASSETCATALOG_COMPILER_APPICON_NAME = AppIcon;
				CLANG_ANALYZER_NONNULL = YES;
				CLANG_CXX_LANGUAGE_STANDARD = "gnu++0x";
				CLANG_CXX_LIBRARY = "libc++";
				CLANG_ENABLE_MODULES = YES;
				CLANG_ENABLE_OBJC_ARC = YES;
				CLANG_WARN_BOOL_CONVERSION = YES;
				CLANG_WARN_CONSTANT_CONVERSION = YES;
				CLANG_WARN_DIRECT_OBJC_ISA_USAGE = YES_ERROR;
				CLANG_WARN_DOCUMENTATION_COMMENTS = YES;
				CLANG_WARN_EMPTY_BODY = YES;
				CLANG_WARN_ENUM_CONVERSION = YES;
				CLANG_WARN_INFINITE_RECURSION = YES;
				CLANG_WARN_INT_CONVERSION = YES;
				CLANG_WARN_OBJC_ROOT_CLASS = YES_ERROR;
				CLANG_WARN_SUSPICIOUS_MOVE = YES;
				CLANG_WARN_UNREACHABLE_CODE = YES;
				CLANG_WARN__DUPLICATE_METHOD_MATCH = YES;
				CODE_SIGN_IDENTITY = "-";
				COMBINE_HIDPI_IMAGES = YES;
				DEVELOPMENT_TEAM = MM696H2U5V;
				ENABLE_STRICT_OBJC_MSGSEND = YES;
				ENABLE_TESTABILITY = YES;
				GCC_C_LANGUAGE_STANDARD = gnu99;
				GCC_DYNAMIC_NO_PIC = NO;
				GCC_NO_COMMON_BLOCKS = YES;
				GCC_PREPROCESSOR_DEFINITIONS = (
					"DEBUG=1",
					"$(inherited)",
				);
				GCC_WARN_64_TO_32_BIT_CONVERSION = YES;
				GCC_WARN_ABOUT_RETURN_TYPE = YES_ERROR;
				GCC_WARN_UNDECLARED_SELECTOR = YES;
				GCC_WARN_UNINITIALIZED_AUTOS = YES_AGGRESSIVE;
				GCC_WARN_UNUSED_FUNCTION = YES;
				GCC_WARN_UNUSED_VARIABLE = YES;
				INFOPLIST_FILE = PtahRendererDemoOnline/Info.plist;
				LD_RUNPATH_SEARCH_PATHS = "$(inherited) @executable_path/../Frameworks";
				MACOSX_DEPLOYMENT_TARGET = 10.12;
				MTL_ENABLE_DEBUG_INFO = YES;
				PRODUCT_BUNDLE_IDENTIFIER = com.simonrodriguez.PtahRendererDemoOnline;
				PRODUCT_NAME = "$(TARGET_NAME)";
				SWIFT_ACTIVE_COMPILATION_CONDITIONS = DEBUG;
				SWIFT_DISABLE_SAFETY_CHECKS = NO;
				SWIFT_VERSION = 3.0;
			};
			name = Debug;
		};
		F4EFAC311E46960700126BAE /* Release */ = {
			isa = XCBuildConfiguration;
			buildSettings = {
				ALWAYS_SEARCH_USER_PATHS = NO;
				ASSETCATALOG_COMPILER_APPICON_NAME = AppIcon;
				CLANG_ANALYZER_NONNULL = YES;
				CLANG_CXX_LANGUAGE_STANDARD = "gnu++0x";
				CLANG_CXX_LIBRARY = "libc++";
				CLANG_ENABLE_MODULES = YES;
				CLANG_ENABLE_OBJC_ARC = YES;
				CLANG_WARN_BOOL_CONVERSION = YES;
				CLANG_WARN_CONSTANT_CONVERSION = YES;
				CLANG_WARN_DIRECT_OBJC_ISA_USAGE = YES_ERROR;
				CLANG_WARN_DOCUMENTATION_COMMENTS = YES;
				CLANG_WARN_EMPTY_BODY = YES;
				CLANG_WARN_ENUM_CONVERSION = YES;
				CLANG_WARN_INFINITE_RECURSION = YES;
				CLANG_WARN_INT_CONVERSION = YES;
				CLANG_WARN_OBJC_ROOT_CLASS = YES_ERROR;
				CLANG_WARN_SUSPICIOUS_MOVE = YES;
				CLANG_WARN_UNREACHABLE_CODE = YES;
				CLANG_WARN__DUPLICATE_METHOD_MATCH = YES;
				CODE_SIGN_IDENTITY = "-";
				COMBINE_HIDPI_IMAGES = YES;
				COPY_PHASE_STRIP = NO;
				DEVELOPMENT_TEAM = MM696H2U5V;
				ENABLE_NS_ASSERTIONS = NO;
				ENABLE_STRICT_OBJC_MSGSEND = YES;
				GCC_C_LANGUAGE_STANDARD = gnu99;
				GCC_NO_COMMON_BLOCKS = YES;
				GCC_WARN_64_TO_32_BIT_CONVERSION = YES;
				GCC_WARN_ABOUT_RETURN_TYPE = YES_ERROR;
				GCC_WARN_UNDECLARED_SELECTOR = YES;
				GCC_WARN_UNINITIALIZED_AUTOS = YES_AGGRESSIVE;
				GCC_WARN_UNUSED_FUNCTION = YES;
				GCC_WARN_UNUSED_VARIABLE = YES;
				INFOPLIST_FILE = PtahRendererDemoOnline/Info.plist;
				LD_RUNPATH_SEARCH_PATHS = "$(inherited) @executable_path/../Frameworks";
				MACOSX_DEPLOYMENT_TARGET = 10.12;
				MTL_ENABLE_DEBUG_INFO = NO;
				PRODUCT_BUNDLE_IDENTIFIER = com.simonrodriguez.PtahRendererDemoOnline;
				PRODUCT_NAME = "$(TARGET_NAME)";
				SWIFT_DISABLE_SAFETY_CHECKS = NO;
				SWIFT_OPTIMIZATION_LEVEL = "-Owholemodule";
				SWIFT_VERSION = 3.0;
			};
			name = Release;
		};
		OBJ_3 /* Debug */ = {
			isa = XCBuildConfiguration;
			buildSettings = {
				CLANG_WARN_BOOL_CONVERSION = YES;
				CLANG_WARN_CONSTANT_CONVERSION = YES;
				CLANG_WARN_EMPTY_BODY = YES;
				CLANG_WARN_ENUM_CONVERSION = YES;
				CLANG_WARN_INFINITE_RECURSION = YES;
				CLANG_WARN_INT_CONVERSION = YES;
				CLANG_WARN_SUSPICIOUS_MOVE = YES;
				CLANG_WARN_UNREACHABLE_CODE = YES;
				CLANG_WARN__DUPLICATE_METHOD_MATCH = YES;
				COMBINE_HIDPI_IMAGES = YES;
				COPY_PHASE_STRIP = NO;
				DEBUG_INFORMATION_FORMAT = dwarf;
				DYLIB_INSTALL_NAME_BASE = "@rpath";
				ENABLE_NS_ASSERTIONS = YES;
				ENABLE_STRICT_OBJC_MSGSEND = YES;
				ENABLE_TESTABILITY = YES;
				GCC_NO_COMMON_BLOCKS = YES;
				GCC_OPTIMIZATION_LEVEL = 0;
				GCC_WARN_64_TO_32_BIT_CONVERSION = YES;
				GCC_WARN_ABOUT_RETURN_TYPE = YES;
				GCC_WARN_UNDECLARED_SELECTOR = YES;
				GCC_WARN_UNINITIALIZED_AUTOS = YES;
				GCC_WARN_UNUSED_FUNCTION = YES;
				GCC_WARN_UNUSED_VARIABLE = YES;
				MACOSX_DEPLOYMENT_TARGET = 10.10;
				ONLY_ACTIVE_ARCH = YES;
				OTHER_SWIFT_FLAGS = "-DXcode";
				PRODUCT_NAME = "$(TARGET_NAME)";
				SDKROOT = macosx;
				SUPPORTED_PLATFORMS = "macosx iphoneos iphonesimulator appletvos appletvsimulator watchos watchsimulator";
				SWIFT_ACTIVE_COMPILATION_CONDITIONS = SWIFT_PACKAGE;
				SWIFT_OPTIMIZATION_LEVEL = "-Onone";
				SWIFT_VERSION = 3.0;
				USE_HEADERMAP = NO;
			};
			name = Debug;
		};
		OBJ_39 /* Debug */ = {
			isa = XCBuildConfiguration;
			buildSettings = {
				ENABLE_TESTABILITY = YES;
				FRAMEWORK_SEARCH_PATHS = (
					"$(inherited)",
					"$(PLATFORM_DIR)/Developer/Library/Frameworks",
				);
				HEADER_SEARCH_PATHS = "$(inherited)";
				INFOPLIST_FILE = PtahRenderer.xcodeproj/PtahRenderer_Info.plist;
				LD_RUNPATH_SEARCH_PATHS = "$(TOOLCHAIN_DIR)/usr/lib/swift/macosx";
				OTHER_LDFLAGS = "$(inherited)";
				OTHER_SWIFT_FLAGS = "$(inherited)";
				PRODUCT_BUNDLE_IDENTIFIER = PtahRenderer;
				PRODUCT_MODULE_NAME = "$(TARGET_NAME:c99extidentifier)";
				PRODUCT_NAME = "$(TARGET_NAME:c99extidentifier)";
				TARGET_NAME = PtahRenderer;
			};
			name = Debug;
		};
		OBJ_4 /* Release */ = {
			isa = XCBuildConfiguration;
			buildSettings = {
				CLANG_WARN_BOOL_CONVERSION = YES;
				CLANG_WARN_CONSTANT_CONVERSION = YES;
				CLANG_WARN_EMPTY_BODY = YES;
				CLANG_WARN_ENUM_CONVERSION = YES;
				CLANG_WARN_INFINITE_RECURSION = YES;
				CLANG_WARN_INT_CONVERSION = YES;
				CLANG_WARN_SUSPICIOUS_MOVE = YES;
				CLANG_WARN_UNREACHABLE_CODE = YES;
				CLANG_WARN__DUPLICATE_METHOD_MATCH = YES;
				COMBINE_HIDPI_IMAGES = YES;
				COPY_PHASE_STRIP = YES;
				DEBUG_INFORMATION_FORMAT = "dwarf-with-dsym";
				DYLIB_INSTALL_NAME_BASE = "@rpath";
				ENABLE_STRICT_OBJC_MSGSEND = YES;
				GCC_NO_COMMON_BLOCKS = YES;
				GCC_OPTIMIZATION_LEVEL = s;
				GCC_WARN_64_TO_32_BIT_CONVERSION = YES;
				GCC_WARN_ABOUT_RETURN_TYPE = YES;
				GCC_WARN_UNDECLARED_SELECTOR = YES;
				GCC_WARN_UNINITIALIZED_AUTOS = YES;
				GCC_WARN_UNUSED_FUNCTION = YES;
				GCC_WARN_UNUSED_VARIABLE = YES;
				MACOSX_DEPLOYMENT_TARGET = 10.10;
				OTHER_SWIFT_FLAGS = "-DXcode";
				PRODUCT_NAME = "$(TARGET_NAME)";
				SDKROOT = macosx;
				SUPPORTED_PLATFORMS = "macosx iphoneos iphonesimulator appletvos appletvsimulator watchos watchsimulator";
				SWIFT_ACTIVE_COMPILATION_CONDITIONS = SWIFT_PACKAGE;
				SWIFT_OPTIMIZATION_LEVEL = "-Owholemodule";
				SWIFT_VERSION = 3.0;
				USE_HEADERMAP = NO;
			};
			name = Release;
		};
		OBJ_40 /* Release */ = {
			isa = XCBuildConfiguration;
			buildSettings = {
				ENABLE_TESTABILITY = YES;
				FRAMEWORK_SEARCH_PATHS = (
					"$(inherited)",
					"$(PLATFORM_DIR)/Developer/Library/Frameworks",
				);
				HEADER_SEARCH_PATHS = "$(inherited)";
				INFOPLIST_FILE = PtahRenderer.xcodeproj/PtahRenderer_Info.plist;
				LD_RUNPATH_SEARCH_PATHS = "$(TOOLCHAIN_DIR)/usr/lib/swift/macosx";
				OTHER_LDFLAGS = "$(inherited)";
				OTHER_SWIFT_FLAGS = "$(inherited)";
				PRODUCT_BUNDLE_IDENTIFIER = PtahRenderer;
				PRODUCT_MODULE_NAME = "$(TARGET_NAME:c99extidentifier)";
				PRODUCT_NAME = "$(TARGET_NAME:c99extidentifier)";
				TARGET_NAME = PtahRenderer;
			};
			name = Release;
		};
		OBJ_55 /* Debug */ = {
			isa = XCBuildConfiguration;
			buildSettings = {
				ENABLE_TESTABILITY = YES;
				FRAMEWORK_SEARCH_PATHS = (
					"$(inherited)",
					"$(PLATFORM_DIR)/Developer/Library/Frameworks",
				);
				HEADER_SEARCH_PATHS = "$(inherited)";
				INFOPLIST_FILE = PtahRenderer.xcodeproj/PtahRendererDemo_Info.plist;
				LD_RUNPATH_SEARCH_PATHS = "$(TOOLCHAIN_DIR)/usr/lib/swift/macosx";
				OTHER_LDFLAGS = "$(inherited)";
				OTHER_SWIFT_FLAGS = "$(inherited)";
				PRODUCT_BUNDLE_IDENTIFIER = PtahRendererDemo;
				PRODUCT_MODULE_NAME = "$(TARGET_NAME:c99extidentifier)";
				PRODUCT_NAME = "$(TARGET_NAME:c99extidentifier)";
				TARGET_NAME = PtahRendererDemo;
			};
			name = Debug;
		};
		OBJ_56 /* Release */ = {
			isa = XCBuildConfiguration;
			buildSettings = {
				ENABLE_TESTABILITY = YES;
				FRAMEWORK_SEARCH_PATHS = (
					"$(inherited)",
					"$(PLATFORM_DIR)/Developer/Library/Frameworks",
				);
				HEADER_SEARCH_PATHS = "$(inherited)";
				INFOPLIST_FILE = PtahRenderer.xcodeproj/PtahRendererDemo_Info.plist;
				LD_RUNPATH_SEARCH_PATHS = "$(TOOLCHAIN_DIR)/usr/lib/swift/macosx";
				OTHER_LDFLAGS = "$(inherited)";
				OTHER_SWIFT_FLAGS = "$(inherited)";
				PRODUCT_BUNDLE_IDENTIFIER = PtahRendererDemo;
				PRODUCT_MODULE_NAME = "$(TARGET_NAME:c99extidentifier)";
				PRODUCT_NAME = "$(TARGET_NAME:c99extidentifier)";
				TARGET_NAME = PtahRendererDemo;
			};
			name = Release;
		};
		OBJ_66 /* Debug */ = {
			isa = XCBuildConfiguration;
			buildSettings = {
				FRAMEWORK_SEARCH_PATHS = (
					"$(inherited)",
					"$(PLATFORM_DIR)/Developer/Library/Frameworks",
				);
				HEADER_SEARCH_PATHS = "$(inherited)";
				INFOPLIST_FILE = PtahRenderer.xcodeproj/PtahRendererDemoOffline_Info.plist;
				LD_RUNPATH_SEARCH_PATHS = "$(TOOLCHAIN_DIR)/usr/lib/swift/macosx @executable_path";
				OTHER_LDFLAGS = "$(inherited)";
				OTHER_SWIFT_FLAGS = "$(inherited)";
				SWIFT_FORCE_DYNAMIC_LINK_STDLIB = YES;
				SWIFT_FORCE_STATIC_LINK_STDLIB = NO;
				TARGET_NAME = PtahRendererDemoOffline;
			};
			name = Debug;
		};
		OBJ_67 /* Release */ = {
			isa = XCBuildConfiguration;
			buildSettings = {
				FRAMEWORK_SEARCH_PATHS = (
					"$(inherited)",
					"$(PLATFORM_DIR)/Developer/Library/Frameworks",
				);
				HEADER_SEARCH_PATHS = "$(inherited)";
				INFOPLIST_FILE = PtahRenderer.xcodeproj/PtahRendererDemoOffline_Info.plist;
				LD_RUNPATH_SEARCH_PATHS = "$(TOOLCHAIN_DIR)/usr/lib/swift/macosx @executable_path";
				OTHER_LDFLAGS = "$(inherited)";
				OTHER_SWIFT_FLAGS = "$(inherited)";
				SWIFT_FORCE_DYNAMIC_LINK_STDLIB = YES;
				SWIFT_FORCE_STATIC_LINK_STDLIB = NO;
				SWIFT_OPTIMIZATION_LEVEL = "-Owholemodule";
				TARGET_NAME = PtahRendererDemoOffline;
			};
			name = Release;
		};
/* End XCBuildConfiguration section */

/* Begin XCConfigurationList section */
		F4EFAC321E46960700126BAE /* Build configuration list for PBXNativeTarget "PtahRendererDemoOnline" */ = {
			isa = XCConfigurationList;
			buildConfigurations = (
				F4EFAC301E46960700126BAE /* Debug */,
				F4EFAC311E46960700126BAE /* Release */,
			);
			defaultConfigurationIsVisible = 0;
			defaultConfigurationName = Debug;
		};
		OBJ_2 /* Build configuration list for PBXProject "PtahRenderer" */ = {
			isa = XCConfigurationList;
			buildConfigurations = (
				OBJ_3 /* Debug */,
				OBJ_4 /* Release */,
			);
			defaultConfigurationIsVisible = 0;
			defaultConfigurationName = Debug;
		};
		OBJ_38 /* Build configuration list for PBXNativeTarget "PtahRenderer" */ = {
			isa = XCConfigurationList;
			buildConfigurations = (
				OBJ_39 /* Debug */,
				OBJ_40 /* Release */,
			);
			defaultConfigurationIsVisible = 0;
			defaultConfigurationName = Debug;
		};
		OBJ_54 /* Build configuration list for PBXNativeTarget "PtahRendererDemo" */ = {
			isa = XCConfigurationList;
			buildConfigurations = (
				OBJ_55 /* Debug */,
				OBJ_56 /* Release */,
			);
			defaultConfigurationIsVisible = 0;
			defaultConfigurationName = Debug;
		};
		OBJ_65 /* Build configuration list for PBXNativeTarget "PtahRendererDemoOffline" */ = {
			isa = XCConfigurationList;
			buildConfigurations = (
				OBJ_66 /* Debug */,
				OBJ_67 /* Release */,
			);
			defaultConfigurationIsVisible = 0;
			defaultConfigurationName = Debug;
		};
/* End XCConfigurationList section */
	};
	rootObject = OBJ_1 /* Project object */;
}
